
Microsoft Visual Studio Solution File, Format Version 12.00
# Visual Studio Version 17
VisualStudioVersion = 17.14.36408.4 d17.14
MinimumVisualStudioVersion = 10.0.40219.1
Project("{FAE04EC0-301F-11D3-BF4B-00C04F79EFBC}") = "Backend", "Backend\Backend.csproj", "{34706C50-830F-484E-9325-83967388969B}"
EndProject
Project("{FAE04EC0-301F-11D3-BF4B-00C04F79EFBC}") = "ClientLib", "ClientLib\ClientLib.csproj", "{ACDB3EEF-C4C1-42BD-BE29-3962DAD02F2F}"
EndProject
Project("{2150E333-8FDC-42A3-9474-1A3956D46DE8}") = ".sln", ".sln", "{C07E4762-F186-419C-98D4-04B5CAE4A53E}"
	ProjectSection(SolutionItems) = preProject
		Directory.Build.props = Directory.Build.props
		.gitignore = .gitignore
	EndProjectSection
EndProject
Project("{2150E333-8FDC-42A3-9474-1A3956D46DE8}") = "assets", "assets", "{ACC66816-07BE-42DD-9665-394CED5E9E1B}"
	ProjectSection(SolutionItems) = preProject
		assets\logo.ico = assets\logo.ico
	EndProjectSection
EndProject
Project("{B7DD6F7E-DEF8-4E67-B5B7-07EF123DB6F0}") = "Wix5Setup.Setup", "Setup\Wix5Setup.Setup\Wix5Setup.Setup.wixproj", "{F38C7634-78FA-9C50-0AFB-9B101792DEB3}"
EndProject
Project("{B7DD6F7E-DEF8-4E67-B5B7-07EF123DB6F0}") = "Backend.Wix.Setup", "Setup\Backend.Wix.Setup\Backend.Wix.Setup.wixproj", "{800F85FB-B8B0-5CBF-7E6D-1F1F6E7C9C4C}"
EndProject
Project("{B7DD6F7E-DEF8-4E67-B5B7-07EF123DB6F0}") = "ClientLib.Wix.Setup", "Setup\ClientLib.Wix.Setup\ClientLib.Wix.Setup.wixproj", "{6F5A9070-186B-50D1-42E4-E9F48F5004C2}"
EndProject
Project("{2150E333-8FDC-42A3-9474-1A3956D46DE8}") = "Setup", "Setup", "{8F5CBDC3-4EB8-493C-9BAA-B4A0B8E4812A}"
	ProjectSection(SolutionItems) = preProject
		Setup\Directory.Build.props = Setup\Directory.Build.props
	EndProjectSection
EndProject
Project("{2150E333-8FDC-42A3-9474-1A3956D46DE8}") = "Source", "Source", "{77BAD1E8-A4D5-43CF-BA62-84EB4AE1BF13}"
EndProject
Project("{FAE04EC0-301F-11D3-BF4B-00C04F79EFBC}") = "Models", "Models\Models.csproj", "{E8F461BF-E32A-42B0-9A31-4E37EC205366}"
EndProject
Project("{FAE04EC0-301F-11D3-BF4B-00C04F79EFBC}") = "ServerAccess", "ServerAccess\ServerAccess.csproj", "{99F9A575-5087-46FE-8D0F-B89E2F4D13FC}"
EndProject
Global
	GlobalSection(SolutionConfigurationPlatforms) = preSolution
		Debug|Any CPU = Debug|Any CPU
		Debug|ARM64 = Debug|ARM64
		Debug|x64 = Debug|x64
		Debug|x86 = Debug|x86
		Release|Any CPU = Release|Any CPU
		Release|ARM64 = Release|ARM64
		Release|x64 = Release|x64
		Release|x86 = Release|x86
	EndGlobalSection
	GlobalSection(ProjectConfigurationPlatforms) = postSolution
		{34706C50-830F-484E-9325-83967388969B}.Debug|Any CPU.ActiveCfg = Debug|Any CPU
		{34706C50-830F-484E-9325-83967388969B}.Debug|Any CPU.Build.0 = Debug|Any CPU
		{34706C50-830F-484E-9325-83967388969B}.Debug|ARM64.ActiveCfg = Debug|Any CPU
		{34706C50-830F-484E-9325-83967388969B}.Debug|ARM64.Build.0 = Debug|Any CPU
		{34706C50-830F-484E-9325-83967388969B}.Debug|x64.ActiveCfg = Debug|Any CPU
		{34706C50-830F-484E-9325-83967388969B}.Debug|x64.Build.0 = Debug|Any CPU
		{34706C50-830F-484E-9325-83967388969B}.Debug|x86.ActiveCfg = Debug|Any CPU
		{34706C50-830F-484E-9325-83967388969B}.Debug|x86.Build.0 = Debug|Any CPU
		{34706C50-830F-484E-9325-83967388969B}.Release|Any CPU.ActiveCfg = Release|Any CPU
		{34706C50-830F-484E-9325-83967388969B}.Release|Any CPU.Build.0 = Release|Any CPU
		{34706C50-830F-484E-9325-83967388969B}.Release|ARM64.ActiveCfg = Release|Any CPU
		{34706C50-830F-484E-9325-83967388969B}.Release|ARM64.Build.0 = Release|Any CPU
		{34706C50-830F-484E-9325-83967388969B}.Release|x64.ActiveCfg = Release|Any CPU
		{34706C50-830F-484E-9325-83967388969B}.Release|x64.Build.0 = Release|Any CPU
		{34706C50-830F-484E-9325-83967388969B}.Release|x86.ActiveCfg = Release|Any CPU
		{34706C50-830F-484E-9325-83967388969B}.Release|x86.Build.0 = Release|Any CPU
		{ACDB3EEF-C4C1-42BD-BE29-3962DAD02F2F}.Debug|Any CPU.ActiveCfg = Debug|Any CPU
		{ACDB3EEF-C4C1-42BD-BE29-3962DAD02F2F}.Debug|Any CPU.Build.0 = Debug|Any CPU
		{ACDB3EEF-C4C1-42BD-BE29-3962DAD02F2F}.Debug|ARM64.ActiveCfg = Debug|Any CPU
		{ACDB3EEF-C4C1-42BD-BE29-3962DAD02F2F}.Debug|ARM64.Build.0 = Debug|Any CPU
		{ACDB3EEF-C4C1-42BD-BE29-3962DAD02F2F}.Debug|x64.ActiveCfg = Debug|Any CPU
		{ACDB3EEF-C4C1-42BD-BE29-3962DAD02F2F}.Debug|x64.Build.0 = Debug|Any CPU
		{ACDB3EEF-C4C1-42BD-BE29-3962DAD02F2F}.Debug|x86.ActiveCfg = Debug|Any CPU
		{ACDB3EEF-C4C1-42BD-BE29-3962DAD02F2F}.Debug|x86.Build.0 = Debug|Any CPU
		{ACDB3EEF-C4C1-42BD-BE29-3962DAD02F2F}.Release|Any CPU.ActiveCfg = Release|Any CPU
		{ACDB3EEF-C4C1-42BD-BE29-3962DAD02F2F}.Release|Any CPU.Build.0 = Release|Any CPU
		{ACDB3EEF-C4C1-42BD-BE29-3962DAD02F2F}.Release|ARM64.ActiveCfg = Release|Any CPU
		{ACDB3EEF-C4C1-42BD-BE29-3962DAD02F2F}.Release|ARM64.Build.0 = Release|Any CPU
		{ACDB3EEF-C4C1-42BD-BE29-3962DAD02F2F}.Release|x64.ActiveCfg = Release|Any CPU
		{ACDB3EEF-C4C1-42BD-BE29-3962DAD02F2F}.Release|x64.Build.0 = Release|Any CPU
		{ACDB3EEF-C4C1-42BD-BE29-3962DAD02F2F}.Release|x86.ActiveCfg = Release|Any CPU
		{ACDB3EEF-C4C1-42BD-BE29-3962DAD02F2F}.Release|x86.Build.0 = Release|Any CPU
		{F38C7634-78FA-9C50-0AFB-9B101792DEB3}.Debug|Any CPU.ActiveCfg = Debug|x64
		{F38C7634-78FA-9C50-0AFB-9B101792DEB3}.Debug|Any CPU.Build.0 = Debug|x64
		{F38C7634-78FA-9C50-0AFB-9B101792DEB3}.Debug|ARM64.ActiveCfg = Debug|ARM64
		{F38C7634-78FA-9C50-0AFB-9B101792DEB3}.Debug|ARM64.Build.0 = Debug|ARM64
		{F38C7634-78FA-9C50-0AFB-9B101792DEB3}.Debug|x64.ActiveCfg = Debug|x64
		{F38C7634-78FA-9C50-0AFB-9B101792DEB3}.Debug|x64.Build.0 = Debug|x64
		{F38C7634-78FA-9C50-0AFB-9B101792DEB3}.Debug|x86.ActiveCfg = Debug|x86
		{F38C7634-78FA-9C50-0AFB-9B101792DEB3}.Debug|x86.Build.0 = Debug|x86
		{F38C7634-78FA-9C50-0AFB-9B101792DEB3}.Release|Any CPU.ActiveCfg = Release|x64
		{F38C7634-78FA-9C50-0AFB-9B101792DEB3}.Release|Any CPU.Build.0 = Release|x64
		{F38C7634-78FA-9C50-0AFB-9B101792DEB3}.Release|ARM64.ActiveCfg = Release|ARM64
		{F38C7634-78FA-9C50-0AFB-9B101792DEB3}.Release|ARM64.Build.0 = Release|ARM64
		{F38C7634-78FA-9C50-0AFB-9B101792DEB3}.Release|x64.ActiveCfg = Release|x64
		{F38C7634-78FA-9C50-0AFB-9B101792DEB3}.Release|x64.Build.0 = Release|x64
		{F38C7634-78FA-9C50-0AFB-9B101792DEB3}.Release|x86.ActiveCfg = Release|x86
		{F38C7634-78FA-9C50-0AFB-9B101792DEB3}.Release|x86.Build.0 = Release|x86
		{800F85FB-B8B0-5CBF-7E6D-1F1F6E7C9C4C}.Debug|Any CPU.ActiveCfg = Debug|x64
		{800F85FB-B8B0-5CBF-7E6D-1F1F6E7C9C4C}.Debug|Any CPU.Build.0 = Debug|x64
		{800F85FB-B8B0-5CBF-7E6D-1F1F6E7C9C4C}.Debug|ARM64.ActiveCfg = Debug|ARM64
		{800F85FB-B8B0-5CBF-7E6D-1F1F6E7C9C4C}.Debug|ARM64.Build.0 = Debug|ARM64
		{800F85FB-B8B0-5CBF-7E6D-1F1F6E7C9C4C}.Debug|x64.ActiveCfg = Debug|x64
		{800F85FB-B8B0-5CBF-7E6D-1F1F6E7C9C4C}.Debug|x64.Build.0 = Debug|x64
		{800F85FB-B8B0-5CBF-7E6D-1F1F6E7C9C4C}.Debug|x86.ActiveCfg = Debug|x86
		{800F85FB-B8B0-5CBF-7E6D-1F1F6E7C9C4C}.Debug|x86.Build.0 = Debug|x86
		{800F85FB-B8B0-5CBF-7E6D-1F1F6E7C9C4C}.Release|Any CPU.ActiveCfg = Release|x64
		{800F85FB-B8B0-5CBF-7E6D-1F1F6E7C9C4C}.Release|Any CPU.Build.0 = Release|x64
		{800F85FB-B8B0-5CBF-7E6D-1F1F6E7C9C4C}.Release|ARM64.ActiveCfg = Release|ARM64
		{800F85FB-B8B0-5CBF-7E6D-1F1F6E7C9C4C}.Release|ARM64.Build.0 = Release|ARM64
		{800F85FB-B8B0-5CBF-7E6D-1F1F6E7C9C4C}.Release|x64.ActiveCfg = Release|x64
		{800F85FB-B8B0-5CBF-7E6D-1F1F6E7C9C4C}.Release|x64.Build.0 = Release|x64
		{800F85FB-B8B0-5CBF-7E6D-1F1F6E7C9C4C}.Release|x86.ActiveCfg = Release|x86
		{800F85FB-B8B0-5CBF-7E6D-1F1F6E7C9C4C}.Release|x86.Build.0 = Release|x86
		{6F5A9070-186B-50D1-42E4-E9F48F5004C2}.Debug|Any CPU.ActiveCfg = Debug|x64
		{6F5A9070-186B-50D1-42E4-E9F48F5004C2}.Debug|Any CPU.Build.0 = Debug|x64
		{6F5A9070-186B-50D1-42E4-E9F48F5004C2}.Debug|ARM64.ActiveCfg = Debug|ARM64
		{6F5A9070-186B-50D1-42E4-E9F48F5004C2}.Debug|ARM64.Build.0 = Debug|ARM64
		{6F5A9070-186B-50D1-42E4-E9F48F5004C2}.Debug|x64.ActiveCfg = Debug|x64
		{6F5A9070-186B-50D1-42E4-E9F48F5004C2}.Debug|x64.Build.0 = Debug|x64
		{6F5A9070-186B-50D1-42E4-E9F48F5004C2}.Debug|x86.ActiveCfg = Debug|x86
		{6F5A9070-186B-50D1-42E4-E9F48F5004C2}.Debug|x86.Build.0 = Debug|x86
		{6F5A9070-186B-50D1-42E4-E9F48F5004C2}.Release|Any CPU.ActiveCfg = Release|x64
		{6F5A9070-186B-50D1-42E4-E9F48F5004C2}.Release|Any CPU.Build.0 = Release|x64
		{6F5A9070-186B-50D1-42E4-E9F48F5004C2}.Release|ARM64.ActiveCfg = Release|ARM64
		{6F5A9070-186B-50D1-42E4-E9F48F5004C2}.Release|ARM64.Build.0 = Release|ARM64
		{6F5A9070-186B-50D1-42E4-E9F48F5004C2}.Release|x64.ActiveCfg = Release|x64
		{6F5A9070-186B-50D1-42E4-E9F48F5004C2}.Release|x64.Build.0 = Release|x64
		{6F5A9070-186B-50D1-42E4-E9F48F5004C2}.Release|x86.ActiveCfg = Release|x86
		{6F5A9070-186B-50D1-42E4-E9F48F5004C2}.Release|x86.Build.0 = Release|x86
		{E8F461BF-E32A-42B0-9A31-4E37EC205366}.Debug|Any CPU.ActiveCfg = Debug|Any CPU
		{E8F461BF-E32A-42B0-9A31-4E37EC205366}.Debug|Any CPU.Build.0 = Debug|Any CPU
		{E8F461BF-E32A-42B0-9A31-4E37EC205366}.Debug|ARM64.ActiveCfg = Debug|Any CPU
		{E8F461BF-E32A-42B0-9A31-4E37EC205366}.Debug|ARM64.Build.0 = Debug|Any CPU
		{E8F461BF-E32A-42B0-9A31-4E37EC205366}.Debug|x64.ActiveCfg = Debug|Any CPU
		{E8F461BF-E32A-42B0-9A31-4E37EC205366}.Debug|x64.Build.0 = Debug|Any CPU
		{E8F461BF-E32A-42B0-9A31-4E37EC205366}.Debug|x86.ActiveCfg = Debug|Any CPU
		{E8F461BF-E32A-42B0-9A31-4E37EC205366}.Debug|x86.Build.0 = Debug|Any CPU
		{E8F461BF-E32A-42B0-9A31-4E37EC205366}.Release|Any CPU.ActiveCfg = Release|Any CPU
		{E8F461BF-E32A-42B0-9A31-4E37EC205366}.Release|Any CPU.Build.0 = Release|Any CPU
		{E8F461BF-E32A-42B0-9A31-4E37EC205366}.Release|ARM64.ActiveCfg = Release|Any CPU
		{E8F461BF-E32A-42B0-9A31-4E37EC205366}.Release|ARM64.Build.0 = Release|Any CPU
		{E8F461BF-E32A-42B0-9A31-4E37EC205366}.Release|x64.ActiveCfg = Release|Any CPU
		{E8F461BF-E32A-42B0-9A31-4E37EC205366}.Release|x64.Build.0 = Release|Any CPU
		{E8F461BF-E32A-42B0-9A31-4E37EC205366}.Release|x86.ActiveCfg = Release|Any CPU
		{E8F461BF-E32A-42B0-9A31-4E37EC205366}.Release|x86.Build.0 = Release|Any CPU
		{99F9A575-5087-46FE-8D0F-B89E2F4D13FC}.Debug|Any CPU.ActiveCfg = Debug|Any CPU
		{99F9A575-5087-46FE-8D0F-B89E2F4D13FC}.Debug|Any CPU.Build.0 = Debug|Any CPU
		{99F9A575-5087-46FE-8D0F-B89E2F4D13FC}.Debug|ARM64.ActiveCfg = Debug|Any CPU
		{99F9A575-5087-46FE-8D0F-B89E2F4D13FC}.Debug|ARM64.Build.0 = Debug|Any CPU
		{99F9A575-5087-46FE-8D0F-B89E2F4D13FC}.Debug|x64.ActiveCfg = Debug|Any CPU
		{99F9A575-5087-46FE-8D0F-B89E2F4D13FC}.Debug|x64.Build.0 = Debug|Any CPU
		{99F9A575-5087-46FE-8D0F-B89E2F4D13FC}.Debug|x86.ActiveCfg = Debug|Any CPU
		{99F9A575-5087-46FE-8D0F-B89E2F4D13FC}.Debug|x86.Build.0 = Debug|Any CPU
		{99F9A575-5087-46FE-8D0F-B89E2F4D13FC}.Release|Any CPU.ActiveCfg = Release|Any CPU
		{99F9A575-5087-46FE-8D0F-B89E2F4D13FC}.Release|Any CPU.Build.0 = Release|Any CPU
		{99F9A575-5087-46FE-8D0F-B89E2F4D13FC}.Release|ARM64.ActiveCfg = Release|Any CPU
		{99F9A575-5087-46FE-8D0F-B89E2F4D13FC}.Release|ARM64.Build.0 = Release|Any CPU
		{99F9A575-5087-46FE-8D0F-B89E2F4D13FC}.Release|x64.ActiveCfg = Release|Any CPU
		{99F9A575-5087-46FE-8D0F-B89E2F4D13FC}.Release|x64.Build.0 = Release|Any CPU
		{99F9A575-5087-46FE-8D0F-B89E2F4D13FC}.Release|x86.ActiveCfg = Release|Any CPU
		{99F9A575-5087-46FE-8D0F-B89E2F4D13FC}.Release|x86.Build.0 = Release|Any CPU
	EndGlobalSection
	GlobalSection(SolutionProperties) = preSolution
		HideSolutionNode = FALSE
	EndGlobalSection
	GlobalSection(ExtensibilityGlobals) = postSolution
		SolutionGuid = {8EC77295-6F10-489B-B43A-3577E2C2427D}
	EndGlobalSection
	GlobalSection(NestedProjects) = preSolution
		{F38C7634-78FA-9C50-0AFB-9B101792DEB3} = {8F5CBDC3-4EB8-493C-9BAA-B4A0B8E4812A}
		{6F5A9070-186B-50D1-42E4-E9F48F5004C2} = {8F5CBDC3-4EB8-493C-9BAA-B4A0B8E4812A}
		{800F85FB-B8B0-5CBF-7E6D-1F1F6E7C9C4C} = {8F5CBDC3-4EB8-493C-9BAA-B4A0B8E4812A}
		{34706C50-830F-484E-9325-83967388969B} = {77BAD1E8-A4D5-43CF-BA62-84EB4AE1BF13}
		{ACDB3EEF-C4C1-42BD-BE29-3962DAD02F2F} = {77BAD1E8-A4D5-43CF-BA62-84EB4AE1BF13}
		{E8F461BF-E32A-42B0-9A31-4E37EC205366} = {77BAD1E8-A4D5-43CF-BA62-84EB4AE1BF13}
		{99F9A575-5087-46FE-8D0F-B89E2F4D13FC} = {77BAD1E8-A4D5-43CF-BA62-84EB4AE1BF13}
	EndGlobalSection
EndGlobal
